// !$*UTF8*$!
{
	archiveVersion = 1;
	classes = {
	};
	objectVersion = 46;
	objects = {

/* Begin PBXBuildFile section */
		18B5664E1B01A52600673B8D /* main.m in Sources */ = {isa = PBXBuildFile; fileRef = 18B5664D1B01A52600673B8D /* main.m */; };
		18B566511B01A52600673B8D /* AppDelegate.m in Sources */ = {isa = PBXBuildFile; fileRef = 18B566501B01A52600673B8D /* AppDelegate.m */; };
		18B566541B01A52600673B8D /* ViewController.m in Sources */ = {isa = PBXBuildFile; fileRef = 18B566531B01A52600673B8D /* ViewController.m */; };
		18B566571B01A52600673B8D /* Main.storyboard in Resources */ = {isa = PBXBuildFile; fileRef = 18B566551B01A52600673B8D /* Main.storyboard */; };
		18B566591B01A52600673B8D /* Images.xcassets in Resources */ = {isa = PBXBuildFile; fileRef = 18B566581B01A52600673B8D /* Images.xcassets */; };
		18B5665C1B01A52600673B8D /* LaunchScreen.xib in Resources */ = {isa = PBXBuildFile; fileRef = 18B5665A1B01A52600673B8D /* LaunchScreen.xib */; };
		18B566681B01A52600673B8D /* acupunctureTests.m in Sources */ = {isa = PBXBuildFile; fileRef = 18B566671B01A52600673B8D /* acupunctureTests.m */; };
/* End PBXBuildFile section */

/* Begin PBXContainerItemProxy section */
		18B566621B01A52600673B8D /* PBXContainerItemProxy */ = {
			isa = PBXContainerItemProxy;
			containerPortal = 18B566401B01A52500673B8D /* Project object */;
			proxyType = 1;
			remoteGlobalIDString = 18B566471B01A52500673B8D;
			remoteInfo = acupuncture;
		};
/* End PBXContainerItemProxy section */

/* Begin PBXFileReference section */
		18B566481B01A52500673B8D /* acupuncture.app */ = {isa = PBXFileReference; explicitFileType = wrapper.application; includeInIndex = 0; path = acupuncture.app; sourceTree = BUILT_PRODUCTS_DIR; };
		18B5664C1B01A52600673B8D /* Info.plist */ = {isa = PBXFileReference; lastKnownFileType = text.plist.xml; path = Info.plist; sourceTree = "<group>"; };
		18B5664D1B01A52600673B8D /* main.m */ = {isa = PBXFileReference; lastKnownFileType = sourcecode.c.objc; path = main.m; sourceTree = "<group>"; };
		18B5664F1B01A52600673B8D /* AppDelegate.h */ = {isa = PBXFileReference; lastKnownFileType = sourcecode.c.h; path = AppDelegate.h; sourceTree = "<group>"; };
		18B566501B01A52600673B8D /* AppDelegate.m */ = {isa = PBXFileReference; lastKnownFileType = sourcecode.c.objc; path = AppDelegate.m; sourceTree = "<group>"; };
		18B566521B01A52600673B8D /* ViewController.h */ = {isa = PBXFileReference; lastKnownFileType = sourcecode.c.h; path = ViewController.h; sourceTree = "<group>"; };
		18B566531B01A52600673B8D /* ViewController.m */ = {isa = PBXFileReference; lastKnownFileType = sourcecode.c.objc; path = ViewController.m; sourceTree = "<group>"; };
		18B566561B01A52600673B8D /* Base */ = {isa = PBXFileReference; lastKnownFileType = file.storyboard; name = Base; path = Base.lproj/Main.storyboard; sourceTree = "<group>"; };
		18B566581B01A52600673B8D /* Images.xcassets */ = {isa = PBXFileReference; lastKnownFileType = folder.assetcatalog; path = Images.xcassets; sourceTree = "<group>"; };
		18B5665B1B01A52600673B8D /* Base */ = {isa = PBXFileReference; lastKnownFileType = file.xib; name = Base; path = Base.lproj/LaunchScreen.xib; sourceTree = "<group>"; };
		18B566611B01A52600673B8D /* acupunctureTests.xctest */ = {isa = PBXFileReference; explicitFileType = wrapper.cfbundle; includeInIndex = 0; path = acupunctureTests.xctest; sourceTree = BUILT_PRODUCTS_DIR; };
		18B566661B01A52600673B8D /* Info.plist */ = {isa = PBXFileReference; lastKnownFileType = text.plist.xml; path = Info.plist; sourceTree = "<group>"; };
		18B566671B01A52600673B8D /* acupunctureTests.m */ = {isa = PBXFileReference; lastKnownFileType = sourcecode.c.objc; path = acupunctureTests.m; sourceTree = "<group>"; };
/* End PBXFileReference section */

/* Begin PBXFrameworksBuildPhase section */
		18B566451B01A52500673B8D /* Frameworks */ = {
			isa = PBXFrameworksBuildPhase;
			buildActionMask = 2147483647;
			files = (
			);
			runOnlyForDeploymentPostprocessing = 0;
		};
		18B5665E1B01A52600673B8D /* Frameworks */ = {
			isa = PBXFrameworksBuildPhase;
			buildActionMask = 2147483647;
			files = (
			);
			runOnlyForDeploymentPostprocessing = 0;
		};
/* End PBXFrameworksBuildPhase section */

/* Begin PBXGroup section */
		18B5663F1B01A52500673B8D = {
			isa = PBXGroup;
			children = (
				18B5664A1B01A52500673B8D /* acupuncture */,
				18B566641B01A52600673B8D /* acupunctureTests */,
				18B566491B01A52500673B8D /* Products */,
			);
			sourceTree = "<group>";
		};
		18B566491B01A52500673B8D /* Products */ = {
			isa = PBXGroup;
			children = (
				18B566481B01A52500673B8D /* acupuncture.app */,
				18B566611B01A52600673B8D /* acupunctureTests.xctest */,
			);
			name = Products;
			sourceTree = "<group>";
		};
		18B5664A1B01A52500673B8D /* acupuncture */ = {
			isa = PBXGroup;
			children = (
				18B5664F1B01A52600673B8D /* AppDelegate.h */,
				18B566501B01A52600673B8D /* AppDelegate.m */,
				18B566521B01A52600673B8D /* ViewController.h */,
				18B566531B01A52600673B8D /* ViewController.m */,
				18B566551B01A52600673B8D /* Main.storyboard */,
				18B566581B01A52600673B8D /* Images.xcassets */,
				18B5665A1B01A52600673B8D /* LaunchScreen.xib */,
				18B5664B1B01A52500673B8D /* Supporting Files */,
			);
			path = acupuncture;
			sourceTree = "<group>";
		};
		18B5664B1B01A52500673B8D /* Supporting Files */ = {
			isa = PBXGroup;
			children = (
				18B5664C1B01A52600673B8D /* Info.plist */,
				18B5664D1B01A52600673B8D /* main.m */,
			);
			name = "Supporting Files";
			sourceTree = "<group>";
		};
		18B566641B01A52600673B8D /* acupunctureTests */ = {
			isa = PBXGroup;
			children = (
				18B566671B01A52600673B8D /* acupunctureTests.m */,
				18B566651B01A52600673B8D /* Supporting Files */,
			);
			path = acupunctureTests;
			sourceTree = "<group>";
		};
		18B566651B01A52600673B8D /* Supporting Files */ = {
			isa = PBXGroup;
			children = (
				18B566661B01A52600673B8D /* Info.plist */,
			);
			name = "Supporting Files";
			sourceTree = "<group>";
		};
/* End PBXGroup section */

/* Begin PBXNativeTarget section */
		18B566471B01A52500673B8D /* acupuncture */ = {
			isa = PBXNativeTarget;
			buildConfigurationList = 18B5666B1B01A52600673B8D /* Build configuration list for PBXNativeTarget "acupuncture" */;
			buildPhases = (
				18B566441B01A52500673B8D /* Sources */,
				18B566451B01A52500673B8D /* Frameworks */,
				18B566461B01A52500673B8D /* Resources */,
			);
			buildRules = (
			);
			dependencies = (
			);
			name = acupuncture;
			productName = acupuncture;
			productReference = 18B566481B01A52500673B8D /* acupuncture.app */;
			productType = "com.apple.product-type.application";
		};
		18B566601B01A52600673B8D /* acupunctureTests */ = {
			isa = PBXNativeTarget;
			buildConfigurationList = 18B5666E1B01A52600673B8D /* Build configuration list for PBXNativeTarget "acupunctureTests" */;
			buildPhases = (
				18B5665D1B01A52600673B8D /* Sources */,
				18B5665E1B01A52600673B8D /* Frameworks */,
				18B5665F1B01A52600673B8D /* Resources */,
			);
			buildRules = (
			);
			dependencies = (
				18B566631B01A52600673B8D /* PBXTargetDependency */,
			);
			name = acupunctureTests;
			productName = acupunctureTests;
			productReference = 18B566611B01A52600673B8D /* acupunctureTests.xctest */;
			productType = "com.apple.product-type.bundle.unit-test";
		};
/* End PBXNativeTarget section */

/* Begin PBXProject section */
		18B566401B01A52500673B8D /* Project object */ = {
			isa = PBXProject;
			attributes = {
				LastUpgradeCheck = 0630;
				ORGANIZATIONNAME = "陈双超";
				TargetAttributes = {
					18B566471B01A52500673B8D = {
						CreatedOnToolsVersion = 6.3.1;
					};
					18B566601B01A52600673B8D = {
						CreatedOnToolsVersion = 6.3.1;
						TestTargetID = 18B566471B01A52500673B8D;
					};
				};
			};
			buildConfigurationList = 18B566431B01A52500673B8D /* Build configuration list for PBXProject "acupuncture" */;
			compatibilityVersion = "Xcode 3.2";
			developmentRegion = English;
			hasScannedForEncodings = 0;
			knownRegions = (
				en,
				Base,
			);
			mainGroup = 18B5663F1B01A52500673B8D;
			productRefGroup = 18B566491B01A52500673B8D /* Products */;
			projectDirPath = "";
			projectRoot = "";
			targets = (
				18B566471B01A52500673B8D /* acupuncture */,
				18B566601B01A52600673B8D /* acupunctureTests */,
			);
		};
/* End PBXProject section */

/* Begin PBXResourcesBuildPhase section */
		18B566461B01A52500673B8D /* Resources */ = {
			isa = PBXResourcesBuildPhase;
			buildActionMask = 2147483647;
			files = (
				18B566571B01A52600673B8D /* Main.storyboard in Resources */,
				18B5665C1B01A52600673B8D /* LaunchScreen.xib in Resources */,
				18B566591B01A52600673B8D /* Images.xcassets in Resources */,
			);
			runOnlyForDeploymentPostprocessing = 0;
		};
		18B5665F1B01A52600673B8D /* Resources */ = {
			isa = PBXResourcesBuildPhase;
			buildActionMask = 2147483647;
			files = (
			);
			runOnlyForDeploymentPostprocessing = 0;
		};
/* End PBXResourcesBuildPhase section */

/* Begin PBXSourcesBuildPhase section */
		18B566441B01A52500673B8D /* Sources */ = {
			isa = PBXSourcesBuildPhase;
			buildActionMask = 2147483647;
			files = (
				18B566541B01A52600673B8D /* ViewController.m in Sources */,
				18B566511B01A52600673B8D /* AppDelegate.m in Sources */,
				18B5664E1B01A52600673B8D /* main.m in Sources */,
			);
			runOnlyForDeploymentPostprocessing = 0;
		};
		18B5665D1B01A52600673B8D /* Sources */ = {
			isa = PBXSourcesBuildPhase;
			buildActionMask = 2147483647;
			files = (
				18B566681B01A52600673B8D /* acupunctureTests.m in Sources */,
			);
			runOnlyForDeploymentPostprocessing = 0;
		};
/* End PBXSourcesBuildPhase section */

/* Begin PBXTargetDependency section */
		18B566631B01A52600673B8D /* PBXTargetDependency */ = {
			isa = PBXTargetDependency;
			target = 18B566471B01A52500673B8D /* acupuncture */;
			targetProxy = 18B566621B01A52600673B8D /* PBXContainerItemProxy */;
		};
/* End PBXTargetDependency section */

/* Begin PBXVariantGroup section */
		18B566551B01A52600673B8D /* Main.storyboard */ = {
			isa = PBXVariantGroup;
			children = (
				18B566561B01A52600673B8D /* Base */,
			);
			name = Main.storyboard;
			sourceTree = "<group>";
		};
		18B5665A1B01A52600673B8D /* LaunchScreen.xib */ = {
			isa = PBXVariantGroup;
			children = (
				18B5665B1B01A52600673B8D /* Base */,
			);
			name = LaunchScreen.xib;
			sourceTree = "<group>";
		};
/* End PBXVariantGroup section */

/* Begin XCBuildConfiguration section */
		18B566691B01A52600673B8D /* Debug */ = {
			isa = XCBuildConfiguration;
			buildSettings = {
				ALWAYS_SEARCH_USER_PATHS = NO;
				CLANG_CXX_LANGUAGE_STANDARD = "gnu++0x";
				CLANG_CXX_LIBRARY = "libc++";
				CLANG_ENABLE_MODULES = YES;
				CLANG_ENABLE_OBJC_ARC = YES;
				CLANG_WARN_BOOL_CONVERSION = YES;
				CLANG_WARN_CONSTANT_CONVERSION = YES;
				CLANG_WARN_DIRECT_OBJC_ISA_USAGE = YES_ERROR;
				CLANG_WARN_EMPTY_BODY = YES;
				CLANG_WARN_ENUM_CONVERSION = YES;
				CLANG_WARN_INT_CONVERSION = YES;
				CLANG_WARN_OBJC_ROOT_CLASS = YES_ERROR;
				CLANG_WARN_UNREACHABLE_CODE = YES;
				CLANG_WARN__DUPLICATE_METHOD_MATCH = YES;
				"CODE_SIGN_IDENTITY[sdk=iphoneos*]" = "iPhone Developer";
				COPY_PHASE_STRIP = NO;
				DEBUG_INFORMATION_FORMAT = "dwarf-with-dsym";
				ENABLE_STRICT_OBJC_MSGSEND = YES;
				GCC_C_LANGUAGE_STANDARD = gnu99;
				GCC_DYNAMIC_NO_PIC = NO;
				GCC_NO_COMMON_BLOCKS = YES;
				GCC_OPTIMIZATION_LEVEL = 0;
				GCC_PREPROCESSOR_DEFINITIONS = (
					"DEBUG=1",
					"$(inherited)",
				);
				GCC_SYMBOLS_PRIVATE_EXTERN = NO;
				GCC_WARN_64_TO_32_BIT_CONVERSION = YES;
				GCC_WARN_ABOUT_RETURN_TYPE = YES_ERROR;
				GCC_WARN_UNDECLARED_SELECTOR = YES;
				GCC_WARN_UNINITIALIZED_AUTOS = YES_AGGRESSIVE;
				GCC_WARN_UNUSED_FUNCTION = YES;
				GCC_WARN_UNUSED_VARIABLE = YES;
				IPHONEOS_DEPLOYMENT_TARGET = 8.3;
				MTL_ENABLE_DEBUG_INFO = YES;
				ONLY_ACTIVE_ARCH = YES;
				SDKROOT = iphoneos;
			};
			name = Debug;
		};
		18B5666A1B01A52600673B8D /* Release */ = {
			isa = XCBuildConfiguration;
			buildSettings = {
				ALWAYS_SEARCH_USER_PATHS = NO;
				CLANG_CXX_LANGUAGE_STANDARD = "gnu++0x";
				CLANG_CXX_LIBRARY = "libc++";
				CLANG_ENABLE_MODULES = YES;
				CLANG_ENABLE_OBJC_ARC = YES;
				CLANG_WARN_BOOL_CONVERSION = YES;
				CLANG_WARN_CONSTANT_CONVERSION = YES;
				CLANG_WARN_DIRECT_OBJC_ISA_USAGE = YES_ERROR;
				CLANG_WARN_EMPTY_BODY = YES;
				CLANG_WARN_ENUM_CONVERSION = YES;
				CLANG_WARN_INT_CONVERSION = YES;
				CLANG_WARN_OBJC_ROOT_CLASS = YES_ERROR;
				CLANG_WARN_UNREACHABLE_CODE = YES;
				CLANG_WARN__DUPLICATE_METHOD_MATCH = YES;
				"CODE_SIGN_IDENTITY[sdk=iphoneos*]" = "iPhone Developer";
				COPY_PHASE_STRIP = NO;
				DEBUG_INFORMATION_FORMAT = "dwarf-with-dsym";
				ENABLE_NS_ASSERTIONS = NO;
				ENABLE_STRICT_OBJC_MSGSEND = YES;
				GCC_C_LANGUAGE_STANDARD = gnu99;
				GCC_NO_COMMON_BLOCKS = YES;
				GCC_WARN_64_TO_32_BIT_CONVERSION = YES;
				GCC_WARN_ABOUT_RETURN_TYPE = YES_ERROR;
				GCC_WARN_UNDECLARED_SELECTOR = YES;
				GCC_WARN_UNINITIALIZED_AUTOS = YES_AGGRESSIVE;
				GCC_WARN_UNUSED_FUNCTION = YES;
				GCC_WARN_UNUSED_VARIABLE = YES;
				IPHONEOS_DEPLOYMENT_TARGET = 8.3;
				MTL_ENABLE_DEBUG_INFO = NO;
				SDKROOT = iphoneos;
				VALIDATE_PRODUCT = YES;
			};
			name = Release;
		};
		18B5666C1B01A52600673B8D /* Debug */ = {
			isa = XCBuildConfiguration;
			buildSettings = {
				ASSETCATALOG_COMPILER_APPICON_NAME = AppIcon;
				INFOPLIST_FILE = acupuncture/Info.plist;
				LD_RUNPATH_SEARCH_PATHS = "$(inherited) @executable_path/Frameworks";
				PRODUCT_NAME = "$(TARGET_NAME)";
			};
			name = Debug;
		};
		18B5666D1B01A52600673B8D /* Release */ = {
			isa = XCBuildConfiguration;
			buildSettings = {
				ASSETCATALOG_COMPILER_APPICON_NAME = AppIcon;
				INFOPLIST_FILE = acupuncture/Info.plist;
				LD_RUNPATH_SEARCH_PATHS = "$(inherited) @executable_path/Frameworks";
				PRODUCT_NAME = "$(TARGET_NAME)";
			};
			name = Release;
		};
		18B5666F1B01A52600673B8D /* Debug */ = {
			isa = XCBuildConfiguration;
			buildSettings = {
				BUNDLE_LOADER = "$(TEST_HOST)";
				FRAMEWORK_SEARCH_PATHS = (
					"$(SDKROOT)/Developer/Library/Frameworks",
					"$(inherited)",
				);
				GCC_PREPROCESSOR_DEFINITIONS = (
					"DEBUG=1",
					"$(inherited)",
				);
				INFOPLIST_FILE = acupunctureTests/Info.plist;
				LD_RUNPATH_SEARCH_PATHS = "$(inherited) @executable_path/Frameworks @loader_path/Frameworks";
				PRODUCT_NAME = "$(TARGET_NAME)";
				TEST_HOST = "$(BUILT_PRODUCTS_DIR)/acupuncture.app/acupuncture";
			};
			name = Debug;
		};
		18B566701B01A52600673B8D /* Release */ = {
			isa = XCBuildConfiguration;
			buildSettings = {
				BUNDLE_LOADER = "$(TEST_HOST)";
				FRAMEWORK_SEARCH_PATHS = (
					"$(SDKROOT)/Developer/Library/Frameworks",
					"$(inherited)",
				);
				INFOPLIST_FILE = acupunctureTests/Info.plist;
				LD_RUNPATH_SEARCH_PATHS = "$(inherited) @executable_path/Frameworks @loader_path/Frameworks";
				PRODUCT_NAME = "$(TARGET_NAME)";
				TEST_HOST = "$(BUILT_PRODUCTS_DIR)/acupuncture.app/acupuncture";
			};
			name = Release;
		};
/* End XCBuildConfiguration section */

/* Begin XCConfigurationList section */
		18B566431B01A52500673B8D /* Build configuration list for PBXProject "acupuncture" */ = {
			isa = XCConfigurationList;
			buildConfigurations = (
				18B566691B01A52600673B8D /* Debug */,
				18B5666A1B01A52600673B8D /* Release */,
			);
			defaultConfigurationIsVisible = 0;
			defaultConfigurationName = Release;
		};
		18B5666B1B01A52600673B8D /* Build configuration list for PBXNativeTarget "acupuncture" */ = {
			isa = XCConfigurationList;
			buildConfigurations = (
				18B5666C1B01A52600673B8D /* Debug */,
				18B5666D1B01A52600673B8D /* Release */,
			);
			defaultConfigurationIsVisible = 0;
		};
		18B5666E1B01A52600673B8D /* Build configuration list for PBXNativeTarget "acupunctureTests" */ = {
			isa = XCConfigurationList;
			buildConfigurations = (
				18B5666F1B01A52600673B8D /* Debug */,
				18B566701B01A52600673B8D /* Release */,
			);
			defaultConfigurationIsVisible = 0;
		};
/* End XCConfigurationList section */
	};
	rootObject = 18B566401B01A52500673B8D /* Project object */;
}
